// !$*UTF8*$!
{
	archiveVersion = 1;
	classes = {
	};
	objectVersion = 46;
	objects = {

/* Begin PBXBuildFile section */
		CE8404FB1F82DF0800A5AC71 /* pratical3.cpp in Sources */ = {isa = PBXBuildFile; fileRef = CEC27AE61F73BAC100399B5D /* pratical3.cpp */; };
		CEC27AEA1F73BAD700399B5D /* GLUT.framework in Frameworks */ = {isa = PBXBuildFile; fileRef = CEC27AE91F73BAD700399B5D /* GLUT.framework */; };
		CEC27AEC1F73BAF000399B5D /* OpenGL.framework in Frameworks */ = {isa = PBXBuildFile; fileRef = CEC27AEB1F73BAF000399B5D /* OpenGL.framework */; };
/* End PBXBuildFile section */

/* Begin PBXCopyFilesBuildPhase section */
		CEC27ADA1F73BA9800399B5D /* CopyFiles */ = {
			isa = PBXCopyFilesBuildPhase;
			buildActionMask = 2147483647;
			dstPath = /usr/share/man/man1/;
			dstSubfolderSpec = 0;
			files = (
			);
			runOnlyForDeploymentPostprocessing = 1;
		};
/* End PBXCopyFilesBuildPhase section */

/* Begin PBXFileReference section */
		CEC27ADC1F73BA9800399B5D /* Practical3 */ = {isa = PBXFileReference; explicitFileType = "compiled.mach-o.executable"; includeInIndex = 0; path = Practical3; sourceTree = BUILT_PRODUCTS_DIR; };
		CEC27AE61F73BAC100399B5D /* pratical3.cpp */ = {isa = PBXFileReference; lastKnownFileType = sourcecode.cpp.cpp; name = pratical3.cpp; path = ../pratical3.cpp; sourceTree = "<group>"; };
		CEC27AE91F73BAD700399B5D /* GLUT.framework */ = {isa = PBXFileReference; lastKnownFileType = wrapper.framework; name = GLUT.framework; path = System/Library/Frameworks/GLUT.framework; sourceTree = SDKROOT; };
		CEC27AEB1F73BAF000399B5D /* OpenGL.framework */ = {isa = PBXFileReference; lastKnownFileType = wrapper.framework; name = OpenGL.framework; path = System/Library/Frameworks/OpenGL.framework; sourceTree = SDKROOT; };
/* End PBXFileReference section */

/* Begin PBXFrameworksBuildPhase section */
		CEC27AD91F73BA9800399B5D /* Frameworks */ = {
			isa = PBXFrameworksBuildPhase;
			buildActionMask = 2147483647;
			files = (
				CEC27AEC1F73BAF000399B5D /* OpenGL.framework in Frameworks */,
				CEC27AEA1F73BAD700399B5D /* GLUT.framework in Frameworks */,
			);
			runOnlyForDeploymentPostprocessing = 0;
		};
/* End PBXFrameworksBuildPhase section */

/* Begin PBXGroup section */
		CEC27AD31F73BA9800399B5D = {
			isa = PBXGroup;
			children = (
				CEC27ADE1F73BA9800399B5D /* Practical3 */,
				CEC27ADD1F73BA9800399B5D /* Products */,
				CEC27AE81F73BAD700399B5D /* Frameworks */,
			);
			sourceTree = "<group>";
		};
		CEC27ADD1F73BA9800399B5D /* Products */ = {
			isa = PBXGroup;
			children = (
				CEC27ADC1F73BA9800399B5D /* Practical3 */,
			);
			name = Products;
			sourceTree = "<group>";
		};
		CEC27ADE1F73BA9800399B5D /* Practical3 */ = {
			isa = PBXGroup;
			children = (
				CEC27AE61F73BAC100399B5D /* pratical3.cpp */,
			);
			path = Practical3;
			sourceTree = "<group>";
		};
		CEC27AE81F73BAD700399B5D /* Frameworks */ = {
			isa = PBXGroup;
			children = (
				CEC27AEB1F73BAF000399B5D /* OpenGL.framework */,
				CEC27AE91F73BAD700399B5D /* GLUT.framework */,
			);
			name = Frameworks;
			sourceTree = "<group>";
		};
/* End PBXGroup section */

/* Begin PBXNativeTarget section */
		CEC27ADB1F73BA9800399B5D /* Practical3 */ = {
			isa = PBXNativeTarget;
			buildConfigurationList = CEC27AE31F73BA9800399B5D /* Build configuration list for PBXNativeTarget "Practical3" */;
			buildPhases = (
				CEC27AD81F73BA9800399B5D /* Sources */,
				CEC27AD91F73BA9800399B5D /* Frameworks */,
				CEC27ADA1F73BA9800399B5D /* CopyFiles */,
			);
			buildRules = (
			);
			dependencies = (
			);
			name = Practical3;
			productName = Practical3;
			productReference = CEC27ADC1F73BA9800399B5D /* Practical3 */;
			productType = "com.apple.product-type.tool";
		};
/* End PBXNativeTarget section */

/* Begin PBXProject section */
		CEC27AD41F73BA9800399B5D /* Project object */ = {
			isa = PBXProject;
			attributes = {
				LastUpgradeCheck = 0830;
				ORGANIZATIONNAME = AIT2017f;
				TargetAttributes = {
					CEC27ADB1F73BA9800399B5D = {
						CreatedOnToolsVersion = 8.3.3;
						DevelopmentTeam = P9A3GL8V97;
						ProvisioningStyle = Automatic;
					};
				};
			};
			buildConfigurationList = CEC27AD71F73BA9800399B5D /* Build configuration list for PBXProject "Practical3" */;
			compatibilityVersion = "Xcode 3.2";
			developmentRegion = English;
			hasScannedForEncodings = 0;
			knownRegions = (
				en,
			);
			mainGroup = CEC27AD31F73BA9800399B5D;
			productRefGroup = CEC27ADD1F73BA9800399B5D /* Products */;
			projectDirPath = "";
			projectRoot = "";
			targets = (
				CEC27ADB1F73BA9800399B5D /* Practical3 */,
			);
		};
/* End PBXProject section */

/* Begin PBXSourcesBuildPhase section */
		CEC27AD81F73BA9800399B5D /* Sources */ = {
			isa = PBXSourcesBuildPhase;
			buildActionMask = 2147483647;
			files = (
				CE8404FB1F82DF0800A5AC71 /* pratical3.cpp in Sources */,
			);
			runOnlyForDeploymentPostprocessing = 0;
		};
/* End PBXSourcesBuildPhase section */

/* Begin XCBuildConfiguration section */
		CEC27AE11F73BA9800399B5D /* Debug */ = {
			isa = XCBuildConfiguration;
			buildSettings = {
				ALWAYS_SEARCH_USER_PATHS = NO;
				CLANG_ANALYZER_NONNULL = YES;
				CLANG_ANALYZER_NUMBER_OBJECT_CONVERSION = YES_AGGRESSIVE;
				CLANG_CXX_LANGUAGE_STANDARD = "gnu++0x";
				CLANG_CXX_LIBRARY = "libc++";
				CLANG_ENABLE_MODULES = YES;
				CLANG_ENABLE_OBJC_ARC = YES;
				CLANG_WARN_BOOL_CONVERSION = YES;
				CLANG_WARN_CONSTANT_CONVERSION = YES;
				CLANG_WARN_DIRECT_OBJC_ISA_USAGE = YES_ERROR;
				CLANG_WARN_DOCUMENTATION_COMMENTS = YES;
				CLANG_WARN_EMPTY_BODY = YES;
				CLANG_WARN_ENUM_CONVERSION = YES;
				CLANG_WARN_INFINITE_RECURSION = YES;
				CLANG_WARN_INT_CONVERSION = YES;
				CLANG_WARN_OBJC_ROOT_CLASS = YES_ERROR;
				CLANG_WARN_SUSPICIOUS_MOVE = YES;
				CLANG_WARN_UNREACHABLE_CODE = YES;
				CLANG_WARN__DUPLICATE_METHOD_MATCH = YES;
				CODE_SIGN_IDENTITY = "-";
				COPY_PHASE_STRIP = NO;
				DEBUG_INFORMATION_FORMAT = dwarf;
				ENABLE_STRICT_OBJC_MSGSEND = YES;
				ENABLE_TESTABILITY = YES;
				GCC_C_LANGUAGE_STANDARD = gnu99;
				GCC_DYNAMIC_NO_PIC = NO;
				GCC_NO_COMMON_BLOCKS = YES;
				GCC_OPTIMIZATION_LEVEL = 0;
				GCC_PREPROCESSOR_DEFINITIONS = (
					"DEBUG=1",
					"$(inherited)",
				);
				GCC_WARN_64_TO_32_BIT_CONVERSION = YES;
				GCC_WARN_ABOUT_RETURN_TYPE = YES_ERROR;
				GCC_WARN_UNDECLARED_SELECTOR = YES;
				GCC_WARN_UNINITIALIZED_AUTOS = YES_AGGRESSIVE;
				GCC_WARN_UNUSED_FUNCTION = YES;
				GCC_WARN_UNUSED_VARIABLE = YES;
				MACOSX_DEPLOYMENT_TARGET = 10.12;
				MTL_ENABLE_DEBUG_INFO = YES;
				ONLY_ACTIVE_ARCH = YES;
				SDKROOT = macosx;
			};
			name = Debug;
		};
		CEC27AE21F73BA9800399B5D /* Release */ = {
			isa = XCBuildConfiguration;
			buildSettings = {
				ALWAYS_SEARCH_USER_PATHS = NO;
				CLANG_ANALYZER_NONNULL = YES;
				CLANG_ANALYZER_NUMBER_OBJECT_CONVERSION = YES_AGGRESSIVE;
				CLANG_CXX_LANGUAGE_STANDARD = "gnu++0x";
				CLANG_CXX_LIBRARY = "libc++";
				CLANG_ENABLE_MODULES = YES;
				CLANG_ENABLE_OBJC_ARC = YES;
				CLANG_WARN_BOOL_CONVERSION = YES;
				CLANG_WARN_CONSTANT_CONVERSION = YES;
				CLANG_WARN_DIRECT_OBJC_ISA_USAGE = YES_ERROR;
				CLANG_WARN_DOCUMENTATION_COMMENTS = YES;
				CLANG_WARN_EMPTY_BODY = YES;
				CLANG_WARN_ENUM_CONVERSION = YES;
				CLANG_WARN_INFINITE_RECURSION = YES;
				CLANG_WARN_INT_CONVERSION = YES;
				CLANG_WARN_OBJC_ROOT_CLASS = YES_ERROR;
				CLANG_WARN_SUSPICIOUS_MOVE = YES;
				CLANG_WARN_UNREACHABLE_CODE = YES;
				CLANG_WARN__DUPLICATE_METHOD_MATCH = YES;
				CODE_SIGN_IDENTITY = "-";
				COPY_PHASE_STRIP = NO;
				DEBUG_INFORMATION_FORMAT = "dwarf-with-dsym";
				ENABLE_NS_ASSERTIONS = NO;
				ENABLE_STRICT_OBJC_MSGSEND = YES;
				GCC_C_LANGUAGE_STANDARD = gnu99;
				GCC_NO_COMMON_BLOCKS = YES;
				GCC_WARN_64_TO_32_BIT_CONVERSION = YES;
				GCC_WARN_ABOUT_RETURN_TYPE = YES_ERROR;
				GCC_WARN_UNDECLARED_SELECTOR = YES;
				GCC_WARN_UNINITIALIZED_AUTOS = YES_AGGRESSIVE;
				GCC_WARN_UNUSED_FUNCTION = YES;
				GCC_WARN_UNUSED_VARIABLE = YES;
				MACOSX_DEPLOYMENT_TARGET = 10.12;
				MTL_ENABLE_DEBUG_INFO = NO;
				SDKROOT = macosx;
			};
			name = Release;
		};
		CEC27AE41F73BA9800399B5D /* Debug */ = {
			isa = XCBuildConfiguration;
			buildSettings = {
				DEVELOPMENT_TEAM = P9A3GL8V97;
				PRODUCT_NAME = "$(TARGET_NAME)";
			};
			name = Debug;
		};
		CEC27AE51F73BA9800399B5D /* Release */ = {
			isa = XCBuildConfiguration;
			buildSettings = {
				DEVELOPMENT_TEAM = P9A3GL8V97;
				PRODUCT_NAME = "$(TARGET_NAME)";
			};
			name = Release;
		};
/* End XCBuildConfiguration section */

/* Begin XCConfigurationList section */
		CEC27AD71F73BA9800399B5D /* Build configuration list for PBXProject "Practical3" */ = {
			isa = XCConfigurationList;
			buildConfigurations = (
				CEC27AE11F73BA9800399B5D /* Debug */,
				CEC27AE21F73BA9800399B5D /* Release */,
			);
			defaultConfigurationIsVisible = 0;
			defaultConfigurationName = Release;
		};
		CEC27AE31F73BA9800399B5D /* Build configuration list for PBXNativeTarget "Practical3" */ = {
			isa = XCConfigurationList;
			buildConfigurations = (
				CEC27AE41F73BA9800399B5D /* Debug */,
				CEC27AE51F73BA9800399B5D /* Release */,
			);
			defaultConfigurationIsVisible = 0;
			defaultConfigurationName = Release;
		};
/* End XCConfigurationList section */
	};
	rootObject = CEC27AD41F73BA9800399B5D /* Project object */;
}
